
Microsoft Visual Studio Solution File, Format Version 12.00
# Visual Studio 15
VisualStudioVersion = 15.0.27130.2010
MinimumVisualStudioVersion = 10.0.40219.1
Project("{8BC9CEB8-8B4A-11D0-8D11-00A0C91BC942}") = "Pong-SFML", "Pong-SFML\Pong-SFML.vcxproj", "{B63C9482-9D22-4698-9408-A44693533C42}"
EndProject
Global
	GlobalSection(SolutionConfigurationPlatforms) = preSolution
		Debug|x64 = Debug|x64
		Debug|x86 = Debug|x86
		Release|x64 = Release|x64
		Release|x86 = Release|x86
	EndGlobalSection
	GlobalSection(ProjectConfigurationPlatforms) = postSolution
		{B63C9482-9D22-4698-9408-A44693533C42}.Debug|x64.ActiveCfg = Debug|x64
		{B63C9482-9D22-4698-9408-A44693533C42}.Debug|x64.Build.0 = Debug|x64
		{B63C9482-9D22-4698-9408-A44693533C42}.Debug|x86.ActiveCfg = Debug|Win32
		{B63C9482-9D22-4698-9408-A44693533C42}.Debug|x86.Build.0 = Debug|Win32
		{B63C9482-9D22-4698-9408-A44693533C42}.Release|x64.ActiveCfg = Release|x64
		{B63C9482-9D22-4698-9408-A44693533C42}.Release|x64.Build.0 = Release|x64
		{B63C9482-9D22-4698-9408-A44693533C42}.Release|x86.ActiveCfg = Release|Win32
		{B63C9482-9D22-4698-9408-A44693533C42}.Release|x86.Build.0 = Release|Win32
	EndGlobalSection
	GlobalSection(SolutionProperties) = preSolution
		HideSolutionNode = FALSE
	EndGlobalSection
	GlobalSection(ExtensibilityGlobals) = postSolution
		SolutionGuid = {C9AFFFDA-D191-48B1-A935-4C7DE6C2C0EF}
	EndGlobalSection
EndGlobal
